
Microsoft Visual Studio Solution File, Format Version 12.00
# Visual Studio 15
VisualStudioVersion = 15.0.27703.2035
MinimumVisualStudioVersion = 10.0.40219.1
Project("{9A19103F-16F7-4668-BE54-9A1E7A4F7556}") = "tests", "tests.csproj", "{B70635C3-D5C5-4251-BA31-0B92A6552D46}"
EndProject
Global
	GlobalSection(SolutionConfigurationPlatforms) = preSolution
		Debug|Any CPU = Debug|Any CPU
		Release|Any CPU = Release|Any CPU
	EndGlobalSection
	GlobalSection(ProjectConfigurationPlatforms) = postSolution
		{B70635C3-D5C5-4251-BA31-0B92A6552D46}.Debug|Any CPU.ActiveCfg = Debug|Any CPU
		{B70635C3-D5C5-4251-BA31-0B92A6552D46}.Debug|Any CPU.Build.0 = Debug|Any CPU
		{B70635C3-D5C5-4251-BA31-0B92A6552D46}.Release|Any CPU.ActiveCfg = Release|Any CPU
		{B70635C3-D5C5-4251-BA31-0B92A6552D46}.Release|Any CPU.Build.0 = Release|Any CPU
	EndGlobalSection
	GlobalSection(SolutionProperties) = preSolution
		HideSolutionNode = FALSE
	EndGlobalSection
	GlobalSection(ExtensibilityGlobals) = postSolution
		SolutionGuid = {6C467BF7-0F14-4E57-BF5C-39B660825679}
	EndGlobalSection
EndGlobal
